
Microsoft Visual Studio Solution File, Format Version 12.00
Project("{FAE04EC0-301F-11D3-BF4B-00C04F79EFBC}") = "HelloWorld.API", "src\HelloWorld.API\HelloWorld.API.csproj", "{67D7F426-B802-4034-A3C3-D920F01EB314}"
EndProject
Global
	GlobalSection(SolutionConfigurationPlatforms) = preSolution
		Debug|Any CPU = Debug|Any CPU
		Release|Any CPU = Release|Any CPU
	EndGlobalSection
	GlobalSection(ProjectConfigurationPlatforms) = postSolution
		{67D7F426-B802-4034-A3C3-D920F01EB314}.Debug|Any CPU.ActiveCfg = Debug|Any CPU
		{67D7F426-B802-4034-A3C3-D920F01EB314}.Debug|Any CPU.Build.0 = Debug|Any CPU
		{67D7F426-B802-4034-A3C3-D920F01EB314}.Release|Any CPU.ActiveCfg = Release|Any CPU
		{67D7F426-B802-4034-A3C3-D920F01EB314}.Release|Any CPU.Build.0 = Release|Any CPU
	EndGlobalSection
EndGlobal
